{
  "name": "@jasondark/proompt",
  "version": "0.1.0-alpha.2",
  "lockfileVersion": 3,
  "requires": true,
  "packages": {
    "": {
      "name": "@jasondark/proompt",
      "version": "0.1.0-alpha.2",
      "license": "MIT",
      "dependencies": {
        "commander": "^11.0.0",
        "module-alias": "^2.2.3",
        "omelette": "^0.4.17",
        "zod": "^4.0.10"
      },
      "bin": {
        "proompt": "dist/index.js"
      },
      "devDependencies": {
        "@types/node": "^24.1.0",
        "@types/omelette": "^0.4.5",
        "typescript": "^5.8.3"
      },
      "engines": {
        "node": ">=14.0.0"
      }
    },
    "node_modules/@types/node": {
      "version": "24.1.0",
      "dev": true,
      "license": "MIT",
      "dependencies": {
        "undici-types": "~7.8.0"
      }
    },
    "node_modules/@types/omelette": {
      "version": "0.4.5",
      "dev": true,
      "license": "MIT"
    },
    "node_modules/commander": {
      "version": "11.1.0",
      "license": "MIT",
      "engines": {
        "node": ">=16"
      }
    },
    "node_modules/module-alias": {
      "version": "2.2.3",
      "resolved": "https://registry.npmjs.org/module-alias/-/module-alias-2.2.3.tgz",
      "integrity": "sha512-23g5BFj4zdQL/b6tor7Ji+QY4pEfNH784BMslY9Qb0UnJWRAt+lQGLYmRaM0KDBwIG23ffEBELhZDP2rhi9f/Q==",
      "license": "MIT"
    },
    "node_modules/omelette": {
      "version": "0.4.17",
      "engines": {
        "node": ">=0.8.0"
      }
    },
    "node_modules/typescript": {
      "version": "5.8.3",
      "dev": true,
      "license": "Apache-2.0",
      "bin": {
        "tsc": "bin/tsc",
        "tsserver": "bin/tsserver"
      },
      "engines": {
        "node": ">=14.17"
      }
    },
    "node_modules/undici-types": {
      "version": "7.8.0",
      "dev": true,
      "license": "MIT"
    },
    "node_modules/zod": {
      "version": "4.0.10",
      "license": "MIT",
      "funding": {
        "url": "https://github.com/sponsors/colinhacks"
      }
    }
  }
}
